
Microsoft Visual Studio Solution File, Format Version 12.00
# Visual Studio Version 17
VisualStudioVersion = 17.8.34330.188
MinimumVisualStudioVersion = 10.0.40219.1
Project("{2150E333-8FDC-42A3-9474-1A3956D46DE8}") = "src", "src", "{21D65D7E-D4EE-4CB4-B442-4C519387256E}"
EndProject
Project("{2150E333-8FDC-42A3-9474-1A3956D46DE8}") = "Building Blocks", "Building Blocks", "{FB2CBB28-5029-4136-940D-8A9CC75B9DD4}"
EndProject
Project("{2150E333-8FDC-42A3-9474-1A3956D46DE8}") = "Services", "Services", "{27AD3445-D212-49A5-B554-14D54FEBB2FB}"
EndProject
Project("{FAE04EC0-301F-11D3-BF4B-00C04F79EFBC}") = "Sample.SharedKernel", "..\src\building blocks\Sample.SharedKernel\Sample.SharedKernel.csproj", "{C859DFB9-DBDF-45EB-99D5-A4EF473C0D5B}"
EndProject
Project("{2150E333-8FDC-42A3-9474-1A3956D46DE8}") = "Sample", "Sample", "{543211B6-35C2-4F80-883B-C98591ACA514}"
EndProject
Project("{2150E333-8FDC-42A3-9474-1A3956D46DE8}") = "Adapters", "Adapters", "{9D123950-68C5-42F7-8E88-1ED70F525562}"
EndProject
Project("{2150E333-8FDC-42A3-9474-1A3956D46DE8}") = "Core", "Core", "{D5278C76-7F29-410A-9F0F-BC469973DBB8}"
EndProject
Project("{2150E333-8FDC-42A3-9474-1A3956D46DE8}") = "Ports", "Ports", "{DD4F0FEF-C54D-4742-8648-F47C143EBA6C}"
EndProject
Project("{FAE04EC0-301F-11D3-BF4B-00C04F79EFBC}") = "Sample.Domain", "..\src\services\sample\Sample.Domain\Sample.Domain.csproj", "{2B785094-001C-470F-9D36-B949B46DFCB6}"
EndProject
Project("{FAE04EC0-301F-11D3-BF4B-00C04F79EFBC}") = "Sample.Application", "..\src\services\sample\Sample.Application\Sample.Application.csproj", "{6285EFDE-3F11-4B42-88F6-40CB3B80B9D1}"
EndProject
Project("{FAE04EC0-301F-11D3-BF4B-00C04F79EFBC}") = "Sample.MongoDB", "..\src\services\sample\Sample.MongoDB\Sample.MongoDB.csproj", "{2E943470-7718-4A03-A11B-AAED737206B1}"
EndProject
Project("{FAE04EC0-301F-11D3-BF4B-00C04F79EFBC}") = "Sample.API", "..\src\services\sample\Sample.API\Sample.API.csproj", "{0D73B575-D8FA-4AAE-9C22-BFC9D3662FF8}"
EndProject
Global
	GlobalSection(SolutionConfigurationPlatforms) = preSolution
		Debug|Any CPU = Debug|Any CPU
		Release|Any CPU = Release|Any CPU
	EndGlobalSection
	GlobalSection(ProjectConfigurationPlatforms) = postSolution
		{C859DFB9-DBDF-45EB-99D5-A4EF473C0D5B}.Debug|Any CPU.ActiveCfg = Debug|Any CPU
		{C859DFB9-DBDF-45EB-99D5-A4EF473C0D5B}.Debug|Any CPU.Build.0 = Debug|Any CPU
		{C859DFB9-DBDF-45EB-99D5-A4EF473C0D5B}.Release|Any CPU.ActiveCfg = Release|Any CPU
		{C859DFB9-DBDF-45EB-99D5-A4EF473C0D5B}.Release|Any CPU.Build.0 = Release|Any CPU
		{2B785094-001C-470F-9D36-B949B46DFCB6}.Debug|Any CPU.ActiveCfg = Debug|Any CPU
		{2B785094-001C-470F-9D36-B949B46DFCB6}.Debug|Any CPU.Build.0 = Debug|Any CPU
		{2B785094-001C-470F-9D36-B949B46DFCB6}.Release|Any CPU.ActiveCfg = Release|Any CPU
		{2B785094-001C-470F-9D36-B949B46DFCB6}.Release|Any CPU.Build.0 = Release|Any CPU
		{6285EFDE-3F11-4B42-88F6-40CB3B80B9D1}.Debug|Any CPU.ActiveCfg = Debug|Any CPU
		{6285EFDE-3F11-4B42-88F6-40CB3B80B9D1}.Debug|Any CPU.Build.0 = Debug|Any CPU
		{6285EFDE-3F11-4B42-88F6-40CB3B80B9D1}.Release|Any CPU.ActiveCfg = Release|Any CPU
		{6285EFDE-3F11-4B42-88F6-40CB3B80B9D1}.Release|Any CPU.Build.0 = Release|Any CPU
		{2E943470-7718-4A03-A11B-AAED737206B1}.Debug|Any CPU.ActiveCfg = Debug|Any CPU
		{2E943470-7718-4A03-A11B-AAED737206B1}.Debug|Any CPU.Build.0 = Debug|Any CPU
		{2E943470-7718-4A03-A11B-AAED737206B1}.Release|Any CPU.ActiveCfg = Release|Any CPU
		{2E943470-7718-4A03-A11B-AAED737206B1}.Release|Any CPU.Build.0 = Release|Any CPU
		{0D73B575-D8FA-4AAE-9C22-BFC9D3662FF8}.Debug|Any CPU.ActiveCfg = Debug|Any CPU
		{0D73B575-D8FA-4AAE-9C22-BFC9D3662FF8}.Debug|Any CPU.Build.0 = Debug|Any CPU
		{0D73B575-D8FA-4AAE-9C22-BFC9D3662FF8}.Release|Any CPU.ActiveCfg = Release|Any CPU
		{0D73B575-D8FA-4AAE-9C22-BFC9D3662FF8}.Release|Any CPU.Build.0 = Release|Any CPU
	EndGlobalSection
	GlobalSection(SolutionProperties) = preSolution
		HideSolutionNode = FALSE
	EndGlobalSection
	GlobalSection(NestedProjects) = preSolution
		{FB2CBB28-5029-4136-940D-8A9CC75B9DD4} = {21D65D7E-D4EE-4CB4-B442-4C519387256E}
		{27AD3445-D212-49A5-B554-14D54FEBB2FB} = {21D65D7E-D4EE-4CB4-B442-4C519387256E}
		{C859DFB9-DBDF-45EB-99D5-A4EF473C0D5B} = {FB2CBB28-5029-4136-940D-8A9CC75B9DD4}
		{543211B6-35C2-4F80-883B-C98591ACA514} = {27AD3445-D212-49A5-B554-14D54FEBB2FB}
		{9D123950-68C5-42F7-8E88-1ED70F525562} = {543211B6-35C2-4F80-883B-C98591ACA514}
		{D5278C76-7F29-410A-9F0F-BC469973DBB8} = {543211B6-35C2-4F80-883B-C98591ACA514}
		{DD4F0FEF-C54D-4742-8648-F47C143EBA6C} = {543211B6-35C2-4F80-883B-C98591ACA514}
		{2B785094-001C-470F-9D36-B949B46DFCB6} = {D5278C76-7F29-410A-9F0F-BC469973DBB8}
		{6285EFDE-3F11-4B42-88F6-40CB3B80B9D1} = {D5278C76-7F29-410A-9F0F-BC469973DBB8}
		{2E943470-7718-4A03-A11B-AAED737206B1} = {9D123950-68C5-42F7-8E88-1ED70F525562}
		{0D73B575-D8FA-4AAE-9C22-BFC9D3662FF8} = {DD4F0FEF-C54D-4742-8648-F47C143EBA6C}
	EndGlobalSection
	GlobalSection(ExtensibilityGlobals) = postSolution
		SolutionGuid = {00FC01B6-B5B2-4FF4-AE06-7F486DC1A80E}
	EndGlobalSection
EndGlobal
